
Microsoft Visual Studio Solution File, Format Version 12.00
# Visual Studio Version 17
VisualStudioVersion = 17.5.33502.453
MinimumVisualStudioVersion = 10.0.40219.1
Project("{9A19103F-16F7-4668-BE54-9A1E7A4F7556}") = "CV19", "CV19\CV19.csproj", "{C5EA69BE-3E94-4AB2-9B8A-751F52404BE0}"
EndProject
Project("{9A19103F-16F7-4668-BE54-9A1E7A4F7556}") = "CV19Console", "Tests\CV19Console\CV19Console.csproj", "{B8BC86E1-3E9B-42D9-BE17-DC659F6EC1AA}"
EndProject
Project("{9A19103F-16F7-4668-BE54-9A1E7A4F7556}") = "CV19WPFTests", "Tests\CV19WPFTests\CV19WPFTests.csproj", "{906AE049-0A89-49AA-8F9A-280F36C67BD2}"
EndProject
Project("{FAE04EC0-301F-11D3-BF4B-00C04F79EFBC}") = "LibraryBaikal", "LibraryBaikal\LibraryBaikal.csproj", "{4071D495-B92D-4052-BEC1-EA8911997D02}"
EndProject
Global
	GlobalSection(SolutionConfigurationPlatforms) = preSolution
		Debug|Any CPU = Debug|Any CPU
		Release|Any CPU = Release|Any CPU
	EndGlobalSection
	GlobalSection(ProjectConfigurationPlatforms) = postSolution
		{C5EA69BE-3E94-4AB2-9B8A-751F52404BE0}.Debug|Any CPU.ActiveCfg = Debug|Any CPU
		{C5EA69BE-3E94-4AB2-9B8A-751F52404BE0}.Debug|Any CPU.Build.0 = Debug|Any CPU
		{C5EA69BE-3E94-4AB2-9B8A-751F52404BE0}.Release|Any CPU.ActiveCfg = Release|Any CPU
		{C5EA69BE-3E94-4AB2-9B8A-751F52404BE0}.Release|Any CPU.Build.0 = Release|Any CPU
		{B8BC86E1-3E9B-42D9-BE17-DC659F6EC1AA}.Debug|Any CPU.ActiveCfg = Debug|Any CPU
		{B8BC86E1-3E9B-42D9-BE17-DC659F6EC1AA}.Debug|Any CPU.Build.0 = Debug|Any CPU
		{B8BC86E1-3E9B-42D9-BE17-DC659F6EC1AA}.Release|Any CPU.ActiveCfg = Release|Any CPU
		{B8BC86E1-3E9B-42D9-BE17-DC659F6EC1AA}.Release|Any CPU.Build.0 = Release|Any CPU
		{906AE049-0A89-49AA-8F9A-280F36C67BD2}.Debug|Any CPU.ActiveCfg = Debug|Any CPU
		{906AE049-0A89-49AA-8F9A-280F36C67BD2}.Debug|Any CPU.Build.0 = Debug|Any CPU
		{906AE049-0A89-49AA-8F9A-280F36C67BD2}.Release|Any CPU.ActiveCfg = Release|Any CPU
		{906AE049-0A89-49AA-8F9A-280F36C67BD2}.Release|Any CPU.Build.0 = Release|Any CPU
		{4071D495-B92D-4052-BEC1-EA8911997D02}.Debug|Any CPU.ActiveCfg = Debug|Any CPU
		{4071D495-B92D-4052-BEC1-EA8911997D02}.Debug|Any CPU.Build.0 = Debug|Any CPU
		{4071D495-B92D-4052-BEC1-EA8911997D02}.Release|Any CPU.ActiveCfg = Release|Any CPU
		{4071D495-B92D-4052-BEC1-EA8911997D02}.Release|Any CPU.Build.0 = Release|Any CPU
	EndGlobalSection
	GlobalSection(SolutionProperties) = preSolution
		HideSolutionNode = FALSE
	EndGlobalSection
	GlobalSection(ExtensibilityGlobals) = postSolution
		SolutionGuid = {1C669F10-4C25-4E76-82E0-535F7A44E19D}
	EndGlobalSection
EndGlobal
